{
  "name": "web-media-resources",
  "lockfileVersion": 3,
  "requires": true,
  "packages": {
    "": {
      "dependencies": {
        "@formkit/auto-animate": "^0.8.0"
      }
    },
    "node_modules/@formkit/auto-animate": {
      "version": "0.8.0",
      "resolved": "https://registry.npmjs.org/@formkit/auto-animate/-/auto-animate-0.8.0.tgz",
      "integrity": "sha512-G8f7489ka0mWyi+1IEZT+xgIwcpWtRMmE2x+IrVoQ+KM1cP6VDj/TbujZjwxdb0P8w8b16/qBfViRmydbYHwMw=="
    }
  }
}
